
Microsoft Visual Studio Solution File, Format Version 12.00
# Visual Studio Version 17
VisualStudioVersion = 17.8.34322.80
MinimumVisualStudioVersion = 10.0.40219.1
Project("{FAE04EC0-301F-11D3-BF4B-00C04F79EFBC}") = "RealEstate_Dapper_Api", "RealEstate_Dapper_Api\RealEstate_Dapper_Api.csproj", "{6469111F-AB38-4066-A765-D1B716E651F7}"
EndProject
Project("{FAE04EC0-301F-11D3-BF4B-00C04F79EFBC}") = "RealEstate_Dapper_UI", "RealEstate_Dapper_UI\RealEstate_Dapper_UI.csproj", "{622D48C9-D293-477B-B38C-377BD43A8A58}"
EndProject
Global
	GlobalSection(SolutionConfigurationPlatforms) = preSolution
		Debug|Any CPU = Debug|Any CPU
		Release|Any CPU = Release|Any CPU
	EndGlobalSection
	GlobalSection(ProjectConfigurationPlatforms) = postSolution
		{6469111F-AB38-4066-A765-D1B716E651F7}.Debug|Any CPU.ActiveCfg = Debug|Any CPU
		{6469111F-AB38-4066-A765-D1B716E651F7}.Debug|Any CPU.Build.0 = Debug|Any CPU
		{6469111F-AB38-4066-A765-D1B716E651F7}.Release|Any CPU.ActiveCfg = Release|Any CPU
		{6469111F-AB38-4066-A765-D1B716E651F7}.Release|Any CPU.Build.0 = Release|Any CPU
		{622D48C9-D293-477B-B38C-377BD43A8A58}.Debug|Any CPU.ActiveCfg = Debug|Any CPU
		{622D48C9-D293-477B-B38C-377BD43A8A58}.Debug|Any CPU.Build.0 = Debug|Any CPU
		{622D48C9-D293-477B-B38C-377BD43A8A58}.Release|Any CPU.ActiveCfg = Release|Any CPU
		{622D48C9-D293-477B-B38C-377BD43A8A58}.Release|Any CPU.Build.0 = Release|Any CPU
	EndGlobalSection
	GlobalSection(SolutionProperties) = preSolution
		HideSolutionNode = FALSE
	EndGlobalSection
	GlobalSection(ExtensibilityGlobals) = postSolution
		SolutionGuid = {A07A2CA4-EBD3-4BCA-A7D8-5D86AB30BFC3}
	EndGlobalSection
EndGlobal
